
Microsoft Visual Studio Solution File, Format Version 12.00
Project("{FAE04EC0-301F-11D3-BF4B-00C04F79EFBC}") = "Forum", "Forum\Forum.csproj", "{037B9440-555F-4CD3-8251-C475AC0FFDC2}"
EndProject
Project("{2150E333-8FDC-42A3-9474-1A3956D46DE8}") = "Core", "Core", "{4E249C0A-CDED-4BF4-9EA4-C344F464570C}"
EndProject
Project("{2150E333-8FDC-42A3-9474-1A3956D46DE8}") = "Infrastructure", "Infrastructure", "{6BC17CD4-57A3-4B16-9557-7FDC886F34A0}"
EndProject
Project("{2150E333-8FDC-42A3-9474-1A3956D46DE8}") = "Persistance", "Persistance", "{D5006B23-5694-42F3-A8DC-66A7C7968F4C}"
EndProject
Project("{2150E333-8FDC-42A3-9474-1A3956D46DE8}") = "Presentation", "Presentation", "{AB8A01E5-30A7-491B-9CC7-DE59F8E6CFB5}"
EndProject
Project("{2150E333-8FDC-42A3-9474-1A3956D46DE8}") = "Application", "Application", "{06D2760A-E37F-4E52-BD13-28CC6351B4BB}"
EndProject
Project("{FAE04EC0-301F-11D3-BF4B-00C04F79EFBC}") = "Domain", "Domain\Domain.csproj", "{9AD85966-6AAD-46C0-AA4C-3F2F35977076}"
EndProject
Project("{FAE04EC0-301F-11D3-BF4B-00C04F79EFBC}") = "Common", "Common\Common.csproj", "{E0C34C81-6FE4-4F9D-A7A9-A6F1D62817D2}"
EndProject
Project("{FAE04EC0-301F-11D3-BF4B-00C04F79EFBC}") = "Repository.Contracts", "Repository.Contracts\Repository.Contracts.csproj", "{B553C5BF-633F-48BC-BF39-319A617DE0FF}"
EndProject
Project("{FAE04EC0-301F-11D3-BF4B-00C04F79EFBC}") = "Services", "Services\Services.csproj", "{F31C782A-71E3-4F3C-AA08-52B60A944E7F}"
EndProject
Project("{FAE04EC0-301F-11D3-BF4B-00C04F79EFBC}") = "Services.Contracts", "Services.Contracts\Services.Contracts.csproj", "{E91AB9DD-377E-4577-A0D3-5952C04668A4}"
EndProject
Project("{FAE04EC0-301F-11D3-BF4B-00C04F79EFBC}") = "Logging", "Logging\Logging.csproj", "{59A00AC9-318F-4D5B-8F4F-5EA2D6AC4CAB}"
EndProject
Project("{FAE04EC0-301F-11D3-BF4B-00C04F79EFBC}") = "Migrations", "Migrations\Migrations.csproj", "{D48AF6FB-91BA-4EA1-A0F0-3B7913139E3D}"
EndProject
Project("{FAE04EC0-301F-11D3-BF4B-00C04F79EFBC}") = "Repository", "Repository\Repository.csproj", "{22F3390F-6348-4ACE-B103-E73EE5700F43}"
EndProject
Project("{FAE04EC0-301F-11D3-BF4B-00C04F79EFBC}") = "Controllers", "Controllers\Controllers.csproj", "{CB2916DF-964A-4409-9A27-7A40D755791A}"
EndProject
Project("{FAE04EC0-301F-11D3-BF4B-00C04F79EFBC}") = "Workers", "Workers\Workers.csproj", "{5A3A9A6E-E8B6-4B81-83B1-0CB404355C83}"
EndProject
Project("{FAE04EC0-301F-11D3-BF4B-00C04F79EFBC}") = "Tests", "Tests\Tests.csproj", "{E4586AB3-BED8-4183-B80C-5EC3CAB96593}"
EndProject
Project("{FAE04EC0-301F-11D3-BF4B-00C04F79EFBC}") = "Validators", "Validators\Validators.csproj", "{BA280714-E7C4-4CEF-A9DF-67AD752C6AF0}"
EndProject
Project("{FAE04EC0-301F-11D3-BF4B-00C04F79EFBC}") = "Web", "Web\Web.csproj", "{7398E8A5-0DCA-459E-BD90-8CCD3B290224}"
EndProject
Global
	GlobalSection(SolutionConfigurationPlatforms) = preSolution
		Debug|Any CPU = Debug|Any CPU
		Release|Any CPU = Release|Any CPU
	EndGlobalSection
	GlobalSection(ProjectConfigurationPlatforms) = postSolution
		{037B9440-555F-4CD3-8251-C475AC0FFDC2}.Debug|Any CPU.ActiveCfg = Debug|Any CPU
		{037B9440-555F-4CD3-8251-C475AC0FFDC2}.Debug|Any CPU.Build.0 = Debug|Any CPU
		{037B9440-555F-4CD3-8251-C475AC0FFDC2}.Release|Any CPU.ActiveCfg = Release|Any CPU
		{037B9440-555F-4CD3-8251-C475AC0FFDC2}.Release|Any CPU.Build.0 = Release|Any CPU
		{9AD85966-6AAD-46C0-AA4C-3F2F35977076}.Debug|Any CPU.ActiveCfg = Debug|Any CPU
		{9AD85966-6AAD-46C0-AA4C-3F2F35977076}.Debug|Any CPU.Build.0 = Debug|Any CPU
		{9AD85966-6AAD-46C0-AA4C-3F2F35977076}.Release|Any CPU.ActiveCfg = Release|Any CPU
		{9AD85966-6AAD-46C0-AA4C-3F2F35977076}.Release|Any CPU.Build.0 = Release|Any CPU
		{E0C34C81-6FE4-4F9D-A7A9-A6F1D62817D2}.Debug|Any CPU.ActiveCfg = Debug|Any CPU
		{E0C34C81-6FE4-4F9D-A7A9-A6F1D62817D2}.Debug|Any CPU.Build.0 = Debug|Any CPU
		{E0C34C81-6FE4-4F9D-A7A9-A6F1D62817D2}.Release|Any CPU.ActiveCfg = Release|Any CPU
		{E0C34C81-6FE4-4F9D-A7A9-A6F1D62817D2}.Release|Any CPU.Build.0 = Release|Any CPU
		{B553C5BF-633F-48BC-BF39-319A617DE0FF}.Debug|Any CPU.ActiveCfg = Debug|Any CPU
		{B553C5BF-633F-48BC-BF39-319A617DE0FF}.Debug|Any CPU.Build.0 = Debug|Any CPU
		{B553C5BF-633F-48BC-BF39-319A617DE0FF}.Release|Any CPU.ActiveCfg = Release|Any CPU
		{B553C5BF-633F-48BC-BF39-319A617DE0FF}.Release|Any CPU.Build.0 = Release|Any CPU
		{F31C782A-71E3-4F3C-AA08-52B60A944E7F}.Debug|Any CPU.ActiveCfg = Debug|Any CPU
		{F31C782A-71E3-4F3C-AA08-52B60A944E7F}.Debug|Any CPU.Build.0 = Debug|Any CPU
		{F31C782A-71E3-4F3C-AA08-52B60A944E7F}.Release|Any CPU.ActiveCfg = Release|Any CPU
		{F31C782A-71E3-4F3C-AA08-52B60A944E7F}.Release|Any CPU.Build.0 = Release|Any CPU
		{E91AB9DD-377E-4577-A0D3-5952C04668A4}.Debug|Any CPU.ActiveCfg = Debug|Any CPU
		{E91AB9DD-377E-4577-A0D3-5952C04668A4}.Debug|Any CPU.Build.0 = Debug|Any CPU
		{E91AB9DD-377E-4577-A0D3-5952C04668A4}.Release|Any CPU.ActiveCfg = Release|Any CPU
		{E91AB9DD-377E-4577-A0D3-5952C04668A4}.Release|Any CPU.Build.0 = Release|Any CPU
		{59A00AC9-318F-4D5B-8F4F-5EA2D6AC4CAB}.Debug|Any CPU.ActiveCfg = Debug|Any CPU
		{59A00AC9-318F-4D5B-8F4F-5EA2D6AC4CAB}.Debug|Any CPU.Build.0 = Debug|Any CPU
		{59A00AC9-318F-4D5B-8F4F-5EA2D6AC4CAB}.Release|Any CPU.ActiveCfg = Release|Any CPU
		{59A00AC9-318F-4D5B-8F4F-5EA2D6AC4CAB}.Release|Any CPU.Build.0 = Release|Any CPU
		{D48AF6FB-91BA-4EA1-A0F0-3B7913139E3D}.Debug|Any CPU.ActiveCfg = Debug|Any CPU
		{D48AF6FB-91BA-4EA1-A0F0-3B7913139E3D}.Debug|Any CPU.Build.0 = Debug|Any CPU
		{D48AF6FB-91BA-4EA1-A0F0-3B7913139E3D}.Release|Any CPU.ActiveCfg = Release|Any CPU
		{D48AF6FB-91BA-4EA1-A0F0-3B7913139E3D}.Release|Any CPU.Build.0 = Release|Any CPU
		{22F3390F-6348-4ACE-B103-E73EE5700F43}.Debug|Any CPU.ActiveCfg = Debug|Any CPU
		{22F3390F-6348-4ACE-B103-E73EE5700F43}.Debug|Any CPU.Build.0 = Debug|Any CPU
		{22F3390F-6348-4ACE-B103-E73EE5700F43}.Release|Any CPU.ActiveCfg = Release|Any CPU
		{22F3390F-6348-4ACE-B103-E73EE5700F43}.Release|Any CPU.Build.0 = Release|Any CPU
		{CB2916DF-964A-4409-9A27-7A40D755791A}.Debug|Any CPU.ActiveCfg = Debug|Any CPU
		{CB2916DF-964A-4409-9A27-7A40D755791A}.Debug|Any CPU.Build.0 = Debug|Any CPU
		{CB2916DF-964A-4409-9A27-7A40D755791A}.Release|Any CPU.ActiveCfg = Release|Any CPU
		{CB2916DF-964A-4409-9A27-7A40D755791A}.Release|Any CPU.Build.0 = Release|Any CPU
		{5A3A9A6E-E8B6-4B81-83B1-0CB404355C83}.Debug|Any CPU.ActiveCfg = Debug|Any CPU
		{5A3A9A6E-E8B6-4B81-83B1-0CB404355C83}.Debug|Any CPU.Build.0 = Debug|Any CPU
		{5A3A9A6E-E8B6-4B81-83B1-0CB404355C83}.Release|Any CPU.ActiveCfg = Release|Any CPU
		{5A3A9A6E-E8B6-4B81-83B1-0CB404355C83}.Release|Any CPU.Build.0 = Release|Any CPU
		{E4586AB3-BED8-4183-B80C-5EC3CAB96593}.Debug|Any CPU.ActiveCfg = Debug|Any CPU
		{E4586AB3-BED8-4183-B80C-5EC3CAB96593}.Debug|Any CPU.Build.0 = Debug|Any CPU
		{E4586AB3-BED8-4183-B80C-5EC3CAB96593}.Release|Any CPU.ActiveCfg = Release|Any CPU
		{E4586AB3-BED8-4183-B80C-5EC3CAB96593}.Release|Any CPU.Build.0 = Release|Any CPU
		{BA280714-E7C4-4CEF-A9DF-67AD752C6AF0}.Debug|Any CPU.ActiveCfg = Debug|Any CPU
		{BA280714-E7C4-4CEF-A9DF-67AD752C6AF0}.Debug|Any CPU.Build.0 = Debug|Any CPU
		{BA280714-E7C4-4CEF-A9DF-67AD752C6AF0}.Release|Any CPU.ActiveCfg = Release|Any CPU
		{BA280714-E7C4-4CEF-A9DF-67AD752C6AF0}.Release|Any CPU.Build.0 = Release|Any CPU
		{7398E8A5-0DCA-459E-BD90-8CCD3B290224}.Debug|Any CPU.ActiveCfg = Debug|Any CPU
		{7398E8A5-0DCA-459E-BD90-8CCD3B290224}.Debug|Any CPU.Build.0 = Debug|Any CPU
		{7398E8A5-0DCA-459E-BD90-8CCD3B290224}.Release|Any CPU.ActiveCfg = Release|Any CPU
		{7398E8A5-0DCA-459E-BD90-8CCD3B290224}.Release|Any CPU.Build.0 = Release|Any CPU
	EndGlobalSection
	GlobalSection(NestedProjects) = preSolution
		{06D2760A-E37F-4E52-BD13-28CC6351B4BB} = {4E249C0A-CDED-4BF4-9EA4-C344F464570C}
		{9AD85966-6AAD-46C0-AA4C-3F2F35977076} = {4E249C0A-CDED-4BF4-9EA4-C344F464570C}
		{B553C5BF-633F-48BC-BF39-319A617DE0FF} = {06D2760A-E37F-4E52-BD13-28CC6351B4BB}
		{F31C782A-71E3-4F3C-AA08-52B60A944E7F} = {06D2760A-E37F-4E52-BD13-28CC6351B4BB}
		{E91AB9DD-377E-4577-A0D3-5952C04668A4} = {06D2760A-E37F-4E52-BD13-28CC6351B4BB}
		{59A00AC9-318F-4D5B-8F4F-5EA2D6AC4CAB} = {6BC17CD4-57A3-4B16-9557-7FDC886F34A0}
		{D48AF6FB-91BA-4EA1-A0F0-3B7913139E3D} = {D5006B23-5694-42F3-A8DC-66A7C7968F4C}
		{22F3390F-6348-4ACE-B103-E73EE5700F43} = {D5006B23-5694-42F3-A8DC-66A7C7968F4C}
		{CB2916DF-964A-4409-9A27-7A40D755791A} = {AB8A01E5-30A7-491B-9CC7-DE59F8E6CFB5}
		{5A3A9A6E-E8B6-4B81-83B1-0CB404355C83} = {6BC17CD4-57A3-4B16-9557-7FDC886F34A0}
		{BA280714-E7C4-4CEF-A9DF-67AD752C6AF0} = {6BC17CD4-57A3-4B16-9557-7FDC886F34A0}
		{7398E8A5-0DCA-459E-BD90-8CCD3B290224} = {AB8A01E5-30A7-491B-9CC7-DE59F8E6CFB5}
	EndGlobalSection
EndGlobal
